{
  "name": "@web3-vue3/frame-connector",
  "version": "0.0.3",
  "lockfileVersion": 2,
  "requires": true,
  "packages": {
    "": {
      "name": "@web3-vue3/frame-connector",
      "version": "0.0.3",
      "license": "GPL-3.0-or-later",
      "dependencies": {
        "@web3-vue3/abstract-connector": "^0.0.3",
        "@web3-vue3/types": "^0.0.1",
        "eth-provider": "^0.2.5",
        "tiny-invariant": "^1.0.6"
      }
    },
    "node_modules/@web3-vue3/abstract-connector": {
      "version": "0.0.1",
      "resolved": "https://registry.npmjs.org/@web3-vue3/abstract-connector/-/abstract-connector-0.0.1.tgz",
      "integrity": "sha512-EC13Cztl1qdQ4RcgzIW1lTecDyOoVrCPhaf79K7j1N3TSuF/phSCSpvzPM5q9qehikojaoeFqaQPIWNJ2MJYZw==",
      "dependencies": {
        "@web3-vue3/types": "^0.0.1"
      }
    },
    "node_modules/@web3-vue3/types": {
      "version": "0.0.1",
      "resolved": "https://registry.npmjs.org/@web3-vue3/types/-/types-0.0.1.tgz",
      "integrity": "sha512-JnGdMMz4sCumSOVn7d0Perc8+ZqZpwbrcDe2f7RYMK+Qm+4lfn1/FheA/OzPqc9x5N3y8fPaWh4ecpp6UcPPRQ=="
    },
    "node_modules/async-limiter": {
      "version": "1.0.1",
      "resolved": "https://registry.npmjs.org/async-limiter/-/async-limiter-1.0.1.tgz",
      "integrity": "sha512-csOlWGAcRFJaI6m+F2WKdnMKr4HhdhFVBk0H/QbJFMCr+uO2kwohwXQPxw/9OCxp05r5ghVBFSyioixx3gfkNQ=="
    },
    "node_modules/cookiejar": {
      "version": "2.1.3",
      "resolved": "https://registry.npmjs.org/cookiejar/-/cookiejar-2.1.3.tgz",
      "integrity": "sha512-JxbCBUdrfr6AQjOXrxoTvAMJO4HBTUIlBzslcJPAz+/KT8yk53fXun51u+RenNYvad/+Vc2DIz5o9UxlCDymFQ=="
    },
    "node_modules/eth-provider": {
      "version": "0.2.5",
      "resolved": "https://registry.npmjs.org/eth-provider/-/eth-provider-0.2.5.tgz",
      "integrity": "sha512-brZFNAYY5Js8yBeyk/ukOJQpClvOXrWFI2A+4HJrBu7rPuUIGHiQ7zmbyhYaRg5Xvkkyi9vw5Fvlt/8I6xvHDQ==",
      "dependencies": {
        "ethereum-provider": "0.0.6",
        "oboe": "2.1.4",
        "uuid": "3.3.2",
        "ws": "7.1.2",
        "xhr2-cookies": "1.1.0"
      }
    },
    "node_modules/ethereum-provider": {
      "version": "0.0.6",
      "resolved": "https://registry.npmjs.org/ethereum-provider/-/ethereum-provider-0.0.6.tgz",
      "integrity": "sha512-DqtdXNHGi/QtOjEovNOegVVQTd8/NnH9rP27R5SU3j2LKECZbcLGIZ3Z9Ln1SDaeUC5YJGJFYQCUUjfIi7NNyQ=="
    },
    "node_modules/http-https": {
      "version": "1.0.0",
      "resolved": "https://registry.npmjs.org/http-https/-/http-https-1.0.0.tgz",
      "integrity": "sha512-o0PWwVCSp3O0wS6FvNr6xfBCHgt0m1tvPLFOCc2iFDKTRAXhB7m8klDf7ErowFH8POa6dVdGatKU5I1YYwzUyg=="
    },
    "node_modules/oboe": {
      "version": "2.1.4",
      "resolved": "https://registry.npmjs.org/oboe/-/oboe-2.1.4.tgz",
      "integrity": "sha512-ymBJ4xSC6GBXLT9Y7lirj+xbqBLa+jADGJldGEYG7u8sZbS9GyG+u1Xk9c5cbriKwSpCg41qUhPjvU5xOpvIyQ==",
      "dependencies": {
        "http-https": "^1.0.0"
      }
    },
    "node_modules/tiny-invariant": {
      "version": "1.3.1",
      "resolved": "https://registry.npmjs.org/tiny-invariant/-/tiny-invariant-1.3.1.tgz",
      "integrity": "sha512-AD5ih2NlSssTCwsMznbvwMZpJ1cbhkGd2uueNxzv2jDlEeZdU04JQfRnggJQ8DrcVBGjAsCKwFBbDlVNtEMlzw=="
    },
    "node_modules/uuid": {
      "version": "3.3.2",
      "resolved": "https://registry.npmjs.org/uuid/-/uuid-3.3.2.tgz",
      "integrity": "sha512-yXJmeNaw3DnnKAOKJE51sL/ZaYfWJRl1pK9dr19YFCu0ObS231AB1/LbqTKRAQ5kw8A90rA6fr4riOUpTZvQZA==",
      "deprecated": "Please upgrade  to version 7 or higher.  Older versions may use Math.random() in certain circumstances, which is known to be problematic.  See https://v8.dev/blog/math-random for details.",
      "bin": {
        "uuid": "bin/uuid"
      }
    },
    "node_modules/ws": {
      "version": "7.1.2",
      "resolved": "https://registry.npmjs.org/ws/-/ws-7.1.2.tgz",
      "integrity": "sha512-gftXq3XI81cJCgkUiAVixA0raD9IVmXqsylCrjRygw4+UOOGzPoxnQ6r/CnVL9i+mDncJo94tSkyrtuuQVBmrg==",
      "dependencies": {
        "async-limiter": "^1.0.0"
      }
    },
    "node_modules/xhr2-cookies": {
      "version": "1.1.0",
      "resolved": "https://registry.npmjs.org/xhr2-cookies/-/xhr2-cookies-1.1.0.tgz",
      "integrity": "sha512-hjXUA6q+jl/bd8ADHcVfFsSPIf+tyLIjuO9TwJC9WI6JP2zKcS7C+p56I9kCLLsaCiNT035iYvEUUzdEFj/8+g==",
      "dependencies": {
        "cookiejar": "^2.1.1"
      }
    }
  },
  "dependencies": {
    "@web3-vue3/abstract-connector": {
      "version": "0.0.1",
      "resolved": "https://registry.npmjs.org/@web3-vue3/abstract-connector/-/abstract-connector-0.0.1.tgz",
      "integrity": "sha512-EC13Cztl1qdQ4RcgzIW1lTecDyOoVrCPhaf79K7j1N3TSuF/phSCSpvzPM5q9qehikojaoeFqaQPIWNJ2MJYZw==",
      "requires": {
        "@web3-vue3/types": "^0.0.1"
      }
    },
    "@web3-vue3/types": {
      "version": "0.0.1",
      "resolved": "https://registry.npmjs.org/@web3-vue3/types/-/types-0.0.1.tgz",
      "integrity": "sha512-JnGdMMz4sCumSOVn7d0Perc8+ZqZpwbrcDe2f7RYMK+Qm+4lfn1/FheA/OzPqc9x5N3y8fPaWh4ecpp6UcPPRQ=="
    },
    "async-limiter": {
      "version": "1.0.1",
      "resolved": "https://registry.npmjs.org/async-limiter/-/async-limiter-1.0.1.tgz",
      "integrity": "sha512-csOlWGAcRFJaI6m+F2WKdnMKr4HhdhFVBk0H/QbJFMCr+uO2kwohwXQPxw/9OCxp05r5ghVBFSyioixx3gfkNQ=="
    },
    "cookiejar": {
      "version": "2.1.3",
      "resolved": "https://registry.npmjs.org/cookiejar/-/cookiejar-2.1.3.tgz",
      "integrity": "sha512-JxbCBUdrfr6AQjOXrxoTvAMJO4HBTUIlBzslcJPAz+/KT8yk53fXun51u+RenNYvad/+Vc2DIz5o9UxlCDymFQ=="
    },
    "eth-provider": {
      "version": "0.2.5",
      "resolved": "https://registry.npmjs.org/eth-provider/-/eth-provider-0.2.5.tgz",
      "integrity": "sha512-brZFNAYY5Js8yBeyk/ukOJQpClvOXrWFI2A+4HJrBu7rPuUIGHiQ7zmbyhYaRg5Xvkkyi9vw5Fvlt/8I6xvHDQ==",
      "requires": {
        "ethereum-provider": "0.0.6",
        "oboe": "2.1.4",
        "uuid": "3.3.2",
        "ws": "7.1.2",
        "xhr2-cookies": "1.1.0"
      }
    },
    "ethereum-provider": {
      "version": "0.0.6",
      "resolved": "https://registry.npmjs.org/ethereum-provider/-/ethereum-provider-0.0.6.tgz",
      "integrity": "sha512-DqtdXNHGi/QtOjEovNOegVVQTd8/NnH9rP27R5SU3j2LKECZbcLGIZ3Z9Ln1SDaeUC5YJGJFYQCUUjfIi7NNyQ=="
    },
    "http-https": {
      "version": "1.0.0",
      "resolved": "https://registry.npmjs.org/http-https/-/http-https-1.0.0.tgz",
      "integrity": "sha512-o0PWwVCSp3O0wS6FvNr6xfBCHgt0m1tvPLFOCc2iFDKTRAXhB7m8klDf7ErowFH8POa6dVdGatKU5I1YYwzUyg=="
    },
    "oboe": {
      "version": "2.1.4",
      "resolved": "https://registry.npmjs.org/oboe/-/oboe-2.1.4.tgz",
      "integrity": "sha512-ymBJ4xSC6GBXLT9Y7lirj+xbqBLa+jADGJldGEYG7u8sZbS9GyG+u1Xk9c5cbriKwSpCg41qUhPjvU5xOpvIyQ==",
      "requires": {
        "http-https": "^1.0.0"
      }
    },
    "tiny-invariant": {
      "version": "1.3.1",
      "resolved": "https://registry.npmjs.org/tiny-invariant/-/tiny-invariant-1.3.1.tgz",
      "integrity": "sha512-AD5ih2NlSssTCwsMznbvwMZpJ1cbhkGd2uueNxzv2jDlEeZdU04JQfRnggJQ8DrcVBGjAsCKwFBbDlVNtEMlzw=="
    },
    "uuid": {
      "version": "3.3.2",
      "resolved": "https://registry.npmjs.org/uuid/-/uuid-3.3.2.tgz",
      "integrity": "sha512-yXJmeNaw3DnnKAOKJE51sL/ZaYfWJRl1pK9dr19YFCu0ObS231AB1/LbqTKRAQ5kw8A90rA6fr4riOUpTZvQZA=="
    },
    "ws": {
      "version": "7.1.2",
      "resolved": "https://registry.npmjs.org/ws/-/ws-7.1.2.tgz",
      "integrity": "sha512-gftXq3XI81cJCgkUiAVixA0raD9IVmXqsylCrjRygw4+UOOGzPoxnQ6r/CnVL9i+mDncJo94tSkyrtuuQVBmrg==",
      "requires": {
        "async-limiter": "^1.0.0"
      }
    },
    "xhr2-cookies": {
      "version": "1.1.0",
      "resolved": "https://registry.npmjs.org/xhr2-cookies/-/xhr2-cookies-1.1.0.tgz",
      "integrity": "sha512-hjXUA6q+jl/bd8ADHcVfFsSPIf+tyLIjuO9TwJC9WI6JP2zKcS7C+p56I9kCLLsaCiNT035iYvEUUzdEFj/8+g==",
      "requires": {
        "cookiejar": "^2.1.1"
      }
    }
  }
}
