{
  "name": "@web3-vue3/fortmatic-connector",
  "version": "0.0.2",
  "lockfileVersion": 2,
  "requires": true,
  "packages": {
    "": {
      "name": "@web3-vue3/fortmatic-connector",
      "version": "0.0.2",
      "license": "GPL-3.0-or-later",
      "dependencies": {
        "@web3-vue3/abstract-connector": "^0.0.2",
        "@web3-vue3/types": "^0.0.1",
        "fortmatic": "^1.0.0",
        "tiny-invariant": "^1.0.6"
      }
    },
    "node_modules/@babel/runtime": {
      "version": "7.3.4",
      "resolved": "https://registry.npmjs.org/@babel/runtime/-/runtime-7.3.4.tgz",
      "integrity": "sha512-IvfvnMdSaLBateu0jfsYIpZTxAc2cKEXEMiezGGN75QcBcecDUKd3PgLAncT0oOgxKy8dd8hrJKj9MfzgfZd6g==",
      "dependencies": {
        "regenerator-runtime": "^0.12.0"
      }
    },
    "node_modules/@web3-vue3/abstract-connector": {
      "version": "0.0.1",
      "resolved": "https://registry.npmjs.org/@web3-vue3/abstract-connector/-/abstract-connector-0.0.1.tgz",
      "integrity": "sha512-EC13Cztl1qdQ4RcgzIW1lTecDyOoVrCPhaf79K7j1N3TSuF/phSCSpvzPM5q9qehikojaoeFqaQPIWNJ2MJYZw==",
      "dependencies": {
        "@web3-vue3/types": "^0.0.1"
      }
    },
    "node_modules/@web3-vue3/types": {
      "version": "0.0.1",
      "resolved": "https://registry.npmjs.org/@web3-vue3/types/-/types-0.0.1.tgz",
      "integrity": "sha512-JnGdMMz4sCumSOVn7d0Perc8+ZqZpwbrcDe2f7RYMK+Qm+4lfn1/FheA/OzPqc9x5N3y8fPaWh4ecpp6UcPPRQ=="
    },
    "node_modules/fortmatic": {
      "version": "1.1.3",
      "resolved": "https://registry.npmjs.org/fortmatic/-/fortmatic-1.1.3.tgz",
      "integrity": "sha512-70gPiTuwfqEQNg4fFK5MVf3gRAW+mo2tHdiMSEt2OLKcoHWrAn63e/r245dPJAw4Qvz7PhkYF/bTx6ga50zWog==",
      "dependencies": {
        "@babel/runtime": "7.3.4"
      }
    },
    "node_modules/regenerator-runtime": {
      "version": "0.12.1",
      "resolved": "https://registry.npmjs.org/regenerator-runtime/-/regenerator-runtime-0.12.1.tgz",
      "integrity": "sha512-odxIc1/vDlo4iZcfXqRYFj0vpXFNoGdKMAUieAlFYO6m/nl5e9KR/beGf41z4a1FI+aQgtjhuaSlDxQ0hmkrHg=="
    },
    "node_modules/tiny-invariant": {
      "version": "1.3.1",
      "resolved": "https://registry.npmjs.org/tiny-invariant/-/tiny-invariant-1.3.1.tgz",
      "integrity": "sha512-AD5ih2NlSssTCwsMznbvwMZpJ1cbhkGd2uueNxzv2jDlEeZdU04JQfRnggJQ8DrcVBGjAsCKwFBbDlVNtEMlzw=="
    }
  },
  "dependencies": {
    "@babel/runtime": {
      "version": "7.3.4",
      "resolved": "https://registry.npmjs.org/@babel/runtime/-/runtime-7.3.4.tgz",
      "integrity": "sha512-IvfvnMdSaLBateu0jfsYIpZTxAc2cKEXEMiezGGN75QcBcecDUKd3PgLAncT0oOgxKy8dd8hrJKj9MfzgfZd6g==",
      "requires": {
        "regenerator-runtime": "^0.12.0"
      }
    },
    "@web3-vue3/abstract-connector": {
      "version": "0.0.1",
      "resolved": "https://registry.npmjs.org/@web3-vue3/abstract-connector/-/abstract-connector-0.0.1.tgz",
      "integrity": "sha512-EC13Cztl1qdQ4RcgzIW1lTecDyOoVrCPhaf79K7j1N3TSuF/phSCSpvzPM5q9qehikojaoeFqaQPIWNJ2MJYZw==",
      "requires": {
        "@web3-vue3/types": "^0.0.1"
      }
    },
    "@web3-vue3/types": {
      "version": "0.0.1",
      "resolved": "https://registry.npmjs.org/@web3-vue3/types/-/types-0.0.1.tgz",
      "integrity": "sha512-JnGdMMz4sCumSOVn7d0Perc8+ZqZpwbrcDe2f7RYMK+Qm+4lfn1/FheA/OzPqc9x5N3y8fPaWh4ecpp6UcPPRQ=="
    },
    "fortmatic": {
      "version": "1.1.3",
      "resolved": "https://registry.npmjs.org/fortmatic/-/fortmatic-1.1.3.tgz",
      "integrity": "sha512-70gPiTuwfqEQNg4fFK5MVf3gRAW+mo2tHdiMSEt2OLKcoHWrAn63e/r245dPJAw4Qvz7PhkYF/bTx6ga50zWog==",
      "requires": {
        "@babel/runtime": "7.3.4"
      }
    },
    "regenerator-runtime": {
      "version": "0.12.1",
      "resolved": "https://registry.npmjs.org/regenerator-runtime/-/regenerator-runtime-0.12.1.tgz",
      "integrity": "sha512-odxIc1/vDlo4iZcfXqRYFj0vpXFNoGdKMAUieAlFYO6m/nl5e9KR/beGf41z4a1FI+aQgtjhuaSlDxQ0hmkrHg=="
    },
    "tiny-invariant": {
      "version": "1.3.1",
      "resolved": "https://registry.npmjs.org/tiny-invariant/-/tiny-invariant-1.3.1.tgz",
      "integrity": "sha512-AD5ih2NlSssTCwsMznbvwMZpJ1cbhkGd2uueNxzv2jDlEeZdU04JQfRnggJQ8DrcVBGjAsCKwFBbDlVNtEMlzw=="
    }
  }
}
