{
  "name": "@web3-vue3/abstract-connector",
  "version": "0.0.2",
  "lockfileVersion": 2,
  "requires": true,
  "packages": {
    "": {
      "name": "@web3-vue3/abstract-connector",
      "version": "0.0.2",
      "license": "GPL-3.0-or-later",
      "dependencies": {
        "@web3-vue3/types": "^0.0.1"
      }
    },
    "node_modules/@web3-vue3/types": {
      "version": "0.0.1",
      "resolved": "https://registry.npmjs.org/@web3-vue3/types/-/types-0.0.1.tgz",
      "integrity": "sha512-JnGdMMz4sCumSOVn7d0Perc8+ZqZpwbrcDe2f7RYMK+Qm+4lfn1/FheA/OzPqc9x5N3y8fPaWh4ecpp6UcPPRQ=="
    }
  },
  "dependencies": {
    "@web3-vue3/types": {
      "version": "0.0.1",
      "resolved": "https://registry.npmjs.org/@web3-vue3/types/-/types-0.0.1.tgz",
      "integrity": "sha512-JnGdMMz4sCumSOVn7d0Perc8+ZqZpwbrcDe2f7RYMK+Qm+4lfn1/FheA/OzPqc9x5N3y8fPaWh4ecpp6UcPPRQ=="
    }
  }
}
