{
  "name": "@web3-vue3/injected-connector",
  "version": "0.0.2",
  "lockfileVersion": 2,
  "requires": true,
  "packages": {
    "": {
      "name": "@web3-vue3/injected-connector",
      "version": "0.0.2",
      "license": "GPL-3.0-or-later",
      "dependencies": {
        "@web3-vue3/abstract-connector": "^0.0.2",
        "@web3-vue3/types": "^0.0.1",
        "tiny-warning": "^1.0.3"
      }
    },
    "node_modules/@web3-vue3/abstract-connector": {
      "version": "0.0.1",
      "resolved": "https://registry.npmjs.org/@web3-vue3/abstract-connector/-/abstract-connector-0.0.1.tgz",
      "integrity": "sha512-EC13Cztl1qdQ4RcgzIW1lTecDyOoVrCPhaf79K7j1N3TSuF/phSCSpvzPM5q9qehikojaoeFqaQPIWNJ2MJYZw==",
      "dependencies": {
        "@web3-vue3/types": "^0.0.1"
      }
    },
    "node_modules/@web3-vue3/types": {
      "version": "0.0.1",
      "resolved": "https://registry.npmjs.org/@web3-vue3/types/-/types-0.0.1.tgz",
      "integrity": "sha512-JnGdMMz4sCumSOVn7d0Perc8+ZqZpwbrcDe2f7RYMK+Qm+4lfn1/FheA/OzPqc9x5N3y8fPaWh4ecpp6UcPPRQ=="
    },
    "node_modules/tiny-warning": {
      "version": "1.0.3",
      "resolved": "https://registry.npmjs.org/tiny-warning/-/tiny-warning-1.0.3.tgz",
      "integrity": "sha512-lBN9zLN/oAf68o3zNXYrdCt1kP8WsiGW8Oo2ka41b2IM5JL/S1CTyX1rW0mb/zSuJun0ZUrDxx4sqvYS2FWzPA=="
    }
  },
  "dependencies": {
    "@web3-vue3/abstract-connector": {
      "version": "0.0.1",
      "resolved": "https://registry.npmjs.org/@web3-vue3/abstract-connector/-/abstract-connector-0.0.1.tgz",
      "integrity": "sha512-EC13Cztl1qdQ4RcgzIW1lTecDyOoVrCPhaf79K7j1N3TSuF/phSCSpvzPM5q9qehikojaoeFqaQPIWNJ2MJYZw==",
      "requires": {
        "@web3-vue3/types": "^0.0.1"
      }
    },
    "@web3-vue3/types": {
      "version": "0.0.1",
      "resolved": "https://registry.npmjs.org/@web3-vue3/types/-/types-0.0.1.tgz",
      "integrity": "sha512-JnGdMMz4sCumSOVn7d0Perc8+ZqZpwbrcDe2f7RYMK+Qm+4lfn1/FheA/OzPqc9x5N3y8fPaWh4ecpp6UcPPRQ=="
    },
    "tiny-warning": {
      "version": "1.0.3",
      "resolved": "https://registry.npmjs.org/tiny-warning/-/tiny-warning-1.0.3.tgz",
      "integrity": "sha512-lBN9zLN/oAf68o3zNXYrdCt1kP8WsiGW8Oo2ka41b2IM5JL/S1CTyX1rW0mb/zSuJun0ZUrDxx4sqvYS2FWzPA=="
    }
  }
}
